
Microsoft Visual Studio Solution File, Format Version 12.00
# Visual Studio Version 17
VisualStudioVersion = 17.4.33205.214
MinimumVisualStudioVersion = 10.0.40219.1
Project("{9A19103F-16F7-4668-BE54-9A1E7A4F7556}") = "ContactManager", "ContactManager.csproj", "{A75FC869-F2FF-45A0-A9B5-10C65CD1109A}"
EndProject
Global
	GlobalSection(SolutionConfigurationPlatforms) = preSolution
		Debug|Any CPU = Debug|Any CPU
		Release|Any CPU = Release|Any CPU
	EndGlobalSection
	GlobalSection(ProjectConfigurationPlatforms) = postSolution
		{A75FC869-F2FF-45A0-A9B5-10C65CD1109A}.Debug|Any CPU.ActiveCfg = Debug|Any CPU
		{A75FC869-F2FF-45A0-A9B5-10C65CD1109A}.Debug|Any CPU.Build.0 = Debug|Any CPU
		{A75FC869-F2FF-45A0-A9B5-10C65CD1109A}.Release|Any CPU.ActiveCfg = Release|Any CPU
		{A75FC869-F2FF-45A0-A9B5-10C65CD1109A}.Release|Any CPU.Build.0 = Release|Any CPU
	EndGlobalSection
	GlobalSection(SolutionProperties) = preSolution
		HideSolutionNode = FALSE
	EndGlobalSection
	GlobalSection(ExtensibilityGlobals) = postSolution
		SolutionGuid = {2E15F6F8-8D9C-4182-8E89-369495969E32}
	EndGlobalSection
EndGlobal
